<?xml version="1.0" encoding="utf-8"?>
<Project ToolsVersion="4.0" xmlns="http://schemas.microsoft.com/developer/msbuild/2003">
  <ItemGroup>
    <ClCompile Include="SheepGame.cpp" />
    <ClCompile Include="SheepObject.cpp" />
    <ClCompile Include="Source\Application.cpp" />
    <ClCompile Include="Source\Camera\Camera.cpp" />
    <ClCompile Include="Source\main.cpp" />
    <ClCompile Include="Source\Minigames\Maze\MazeGenerator.cpp" />
    <ClCompile Include="Source\Rendering\LoadOBJ.cpp" />
    <ClCompile Include="Source\Rendering\LoadTGA.cpp" />
    <ClCompile Include="Source\Rendering\Mesh.cpp" />
    <ClCompile Include="Source\Rendering\MeshBuilder.cpp" />
    <ClCompile Include="Source\Rendering\Particles.cpp" />
    <ClCompile Include="Source\Rendering\shader.cpp" />
    <ClCompile Include="Source\Scenes\CharacterObject.cpp" />
    <ClCompile Include="Source\Scenes\FrogObject.cpp" />
    <ClCompile Include="Source\Scenes\GameObject.cpp" />
    <ClCompile Include="Source\Scenes\MazeObject.cpp" />
    <ClCompile Include="Source\Scenes\MoleObject.cpp" />
    <ClCompile Include="Source\Scenes\PhysicsObject.cpp" />
    <ClCompile Include="Source\Scenes\ResultObject.cpp" />
    <ClCompile Include="Source\Scenes\Results.cpp" />
    <ClCompile Include="Source\Scenes\SceneBase.cpp" />
    <ClCompile Include="Source\Scenes\SceneFrog.cpp" />
    <ClCompile Include="Source\Scenes\SceneMaze.cpp" />
    <ClCompile Include="Source\Scenes\SceneMole.cpp" />
    <ClCompile Include="Source\Scenes\SceneTank.cpp" />
    <ClCompile Include="Source\Scenes\StatManager.cpp" />
    <ClCompile Include="Source\Scenes\StudioProjectScene.cpp" />
    <ClCompile Include="Source\Scenes\SubTankObject.cpp" />
    <ClCompile Include="Source\Scenes\TankObject.cpp" />
    <ClCompile Include="Source\SpriteAnimation.cpp" />
    <ClCompile Include="Source\Utility.cpp" />
  </ItemGroup>
  <ItemGroup>
    <ClInclude Include="SheepGame.h" />
    <ClInclude Include="SheepObject.h" />
    <ClInclude Include="Source\Minigames\Maze\MazeGenerator.h" />
    <ClInclude Include="Source\Scenes\CharacterObject.h" />
    <ClInclude Include="Source\Scenes\FrogObject.h" />
    <ClInclude Include="Source\Scenes\MazeObject.h" />
    <ClInclude Include="Source\Scenes\MoleObject.h" />
    <ClInclude Include="Source\Scenes\PhysicsObject.h" />
    <ClInclude Include="Source\Scenes\ResultObject.h" />
    <ClInclude Include="Source\Scenes\Results.h" />
    <ClInclude Include="Source\Scenes\SceneBase.h" />
    <ClInclude Include="Source\Application.h" />
    <ClInclude Include="Source\Camera\Camera.h" />
    <ClInclude Include="Source\Light.h" />
    <ClInclude Include="Source\Material.h" />
    <ClInclude Include="Source\Rendering\LoadOBJ.h" />
    <ClInclude Include="Source\Rendering\LoadTGA.h" />
    <ClInclude Include="Source\Rendering\Mesh.h" />
    <ClInclude Include="Source\Rendering\MeshBuilder.h" />
    <ClInclude Include="Source\Rendering\Particles.h" />
    <ClInclude Include="Source\Rendering\shader.hpp" />
    <ClInclude Include="Source\Scenes\GameObject.h" />
    <ClInclude Include="Source\Scenes\Scene.h" />
    <ClInclude Include="Source\Scenes\SceneFrog.h" />
    <ClInclude Include="Source\Scenes\SceneMaze.h" />
    <ClInclude Include="Source\Scenes\SceneMole.h" />
    <ClInclude Include="Source\Scenes\SceneTank.h" />
    <ClInclude Include="Source\Scenes\StatManager.h" />
    <ClInclude Include="Source\Scenes\StudioProjectScene.h" />
    <ClInclude Include="Source\Scenes\SubTankObject.h" />
    <ClInclude Include="Source\Scenes\TankObject.h" />
    <ClInclude Include="Source\SpriteAnimation.h" />
    <ClInclude Include="Source\Utility.h" />
    <ClInclude Include="Source\Vertex.h" />
  </ItemGroup>
  <ItemGroup>
    <Text Include="Source\Minigames\Maze\Map\Map1.txt" />
    <Text Include="Source\Minigames\Maze\Map\Map2.txt" />
  </ItemGroup>
</Project>