<?xml version="1.0" encoding="utf-8"?>
<Project ToolsVersion="4.0" xmlns="http://schemas.microsoft.com/developer/msbuild/2003">
  <ItemGroup>
    <ClCompile Include="Source\Application.cpp">
      <Filter>Source</Filter>
    </ClCompile>
    <ClCompile Include="Source\main.cpp">
      <Filter>Source</Filter>
    </ClCompile>
    <ClCompile Include="Source\Utility.cpp">
      <Filter>Source</Filter>
    </ClCompile>
    <ClCompile Include="Source\Camera\Camera.cpp">
      <Filter>Rendering\Camera</Filter>
    </ClCompile>
    <ClCompile Include="Source\Rendering\Mesh.cpp">
      <Filter>Rendering</Filter>
    </ClCompile>
    <ClCompile Include="Source\Rendering\LoadOBJ.cpp">
      <Filter>Rendering</Filter>
    </ClCompile>
    <ClCompile Include="Source\Rendering\LoadTGA.cpp">
      <Filter>Rendering</Filter>
    </ClCompile>
    <ClCompile Include="Source\Rendering\Particles.cpp">
      <Filter>Rendering</Filter>
    </ClCompile>
    <ClCompile Include="Source\SpriteAnimation.cpp">
      <Filter>Rendering</Filter>
    </ClCompile>
    <ClCompile Include="Source\Rendering\shader.cpp">
      <Filter>Shaders</Filter>
    </ClCompile>
    <ClCompile Include="Source\Scenes\CharacterObject.cpp">
      <Filter>GameObjects</Filter>
    </ClCompile>
    <ClCompile Include="Source\Scenes\FrogObject.cpp">
      <Filter>GameObjects</Filter>
    </ClCompile>
    <ClCompile Include="Source\Scenes\GameObject.cpp">
      <Filter>GameObjects</Filter>
    </ClCompile>
    <ClCompile Include="Source\Scenes\MoleObject.cpp">
      <Filter>GameObjects</Filter>
    </ClCompile>
    <ClCompile Include="Source\Scenes\PhysicsObject.cpp">
      <Filter>GameObjects</Filter>
    </ClCompile>
    <ClCompile Include="Source\Scenes\ResultObject.cpp">
      <Filter>GameObjects</Filter>
    </ClCompile>
    <ClCompile Include="Source\Scenes\MazeObject.cpp">
      <Filter>GameObjects</Filter>
    </ClCompile>
    <ClCompile Include="Source\Scenes\SheepObject.cpp">
      <Filter>GameObjects</Filter>
    </ClCompile>
    <ClCompile Include="Source\Scenes\SubTankObject.cpp">
      <Filter>GameObjects</Filter>
    </ClCompile>
    <ClCompile Include="Source\Scenes\TankObject.cpp">
      <Filter>GameObjects</Filter>
    </ClCompile>
    <ClCompile Include="Source\Rendering\MeshBuilder.cpp">
      <Filter>Rendering</Filter>
    </ClCompile>
    <ClCompile Include="Source\Minigames\Maze\MazeGenerator.cpp">
      <Filter>GameObjects</Filter>
    </ClCompile>
    <ClCompile Include="Source\Scenes\Results.cpp">
      <Filter>Scenes</Filter>
    </ClCompile>
    <ClCompile Include="Source\Scenes\SceneBase.cpp">
      <Filter>Scenes</Filter>
    </ClCompile>
    <ClCompile Include="Source\Scenes\SceneFrog.cpp">
      <Filter>Scenes</Filter>
    </ClCompile>
    <ClCompile Include="Source\Scenes\SceneMaze.cpp">
      <Filter>Scenes</Filter>
    </ClCompile>
    <ClCompile Include="Source\Scenes\SceneMole.cpp">
      <Filter>Scenes</Filter>
    </ClCompile>
    <ClCompile Include="Source\Scenes\SceneTank.cpp">
      <Filter>Scenes</Filter>
    </ClCompile>
    <ClCompile Include="Source\Scenes\SheepGame.cpp">
      <Filter>Scenes</Filter>
    </ClCompile>
    <ClCompile Include="Source\Scenes\StudioProjectScene.cpp">
      <Filter>Scenes</Filter>
    </ClCompile>
    <ClCompile Include="Source\Scenes\StatManager.cpp">
      <Filter>Source\Stats</Filter>
    </ClCompile>
    <ClCompile Include="Source\Scenes\MenuObject.cpp">
      <Filter>GameObjects</Filter>
    </ClCompile>
    <ClCompile Include="Source\SoundEngine.cpp">
      <Filter>SoundEngine</Filter>
    </ClCompile>
    <ClCompile Include="Source\Scenes\SceneMainMenu.cpp">
      <Filter>Scenes</Filter>
    </ClCompile>
    <ClCompile Include="Source\Scenes\MainMenuObject.cpp">
      <Filter>GameObjects</Filter>
    </ClCompile>
    <ClCompile Include="Source\Scenes\ItemObject.cpp">
      <Filter>GameObjects</Filter>
    </ClCompile>
    <ClCompile Include="Source\Scenes\Screen.cpp">
      <Filter>Scenes</Filter>
    </ClCompile>
  </ItemGroup>
  <ItemGroup>
    <ClInclude Include="Source\Application.h">
      <Filter>Source\Header</Filter>
    </ClInclude>
    <ClInclude Include="Source\Utility.h">
      <Filter>Source\Header</Filter>
    </ClInclude>
    <ClInclude Include="Source\Vertex.h">
      <Filter>Source\Header</Filter>
    </ClInclude>
    <ClInclude Include="Source\Camera\Camera.h">
      <Filter>Rendering\Camera</Filter>
    </ClInclude>
    <ClInclude Include="Source\Rendering\Mesh.h">
      <Filter>Rendering\Header</Filter>
    </ClInclude>
    <ClInclude Include="Source\Rendering\LoadTGA.h">
      <Filter>Rendering\Header</Filter>
    </ClInclude>
    <ClInclude Include="Source\Rendering\LoadOBJ.h">
      <Filter>Rendering\Header</Filter>
    </ClInclude>
    <ClInclude Include="Source\Light.h">
      <Filter>Rendering\Header</Filter>
    </ClInclude>
    <ClInclude Include="Source\Rendering\MeshBuilder.h">
      <Filter>Rendering\Header</Filter>
    </ClInclude>
    <ClInclude Include="Source\Rendering\Particles.h">
      <Filter>Rendering\Header</Filter>
    </ClInclude>
    <ClInclude Include="Source\SpriteAnimation.h">
      <Filter>Rendering\Header</Filter>
    </ClInclude>
    <ClInclude Include="Source\Rendering\shader.hpp">
      <Filter>Shaders</Filter>
    </ClInclude>
    <ClInclude Include="Source\Material.h">
      <Filter>Rendering\Header</Filter>
    </ClInclude>
    <ClInclude Include="Source\Scenes\Scene.h">
      <Filter>Scenes\Header</Filter>
    </ClInclude>
    <ClInclude Include="Source\Scenes\Results.h">
      <Filter>Scenes\Header</Filter>
    </ClInclude>
    <ClInclude Include="Source\Scenes\Scene.h">
      <Filter>Scenes\Header</Filter>
    </ClInclude>
    <ClInclude Include="Source\Scenes\SceneBase.h">
      <Filter>Scenes\Header</Filter>
    </ClInclude>
    <ClInclude Include="Source\Scenes\SceneFrog.h">
      <Filter>Scenes\Header</Filter>
    </ClInclude>
    <ClInclude Include="Source\Scenes\SceneMaze.h">
      <Filter>Scenes\Header</Filter>
    </ClInclude>
    <ClInclude Include="Source\Scenes\SceneMole.h">
      <Filter>Scenes\Header</Filter>
    </ClInclude>
    <ClInclude Include="Source\Scenes\SceneTank.h">
      <Filter>Scenes\Header</Filter>
    </ClInclude>
    <ClInclude Include="Source\Scenes\SheepGame.h">
      <Filter>Scenes\Header</Filter>
    </ClInclude>
    <ClInclude Include="Source\Scenes\StudioProjectScene.h">
      <Filter>Scenes\Header</Filter>
    </ClInclude>
    <ClInclude Include="Source\Scenes\TankObject.h">
      <Filter>GameObjects\Header</Filter>
    </ClInclude>
    <ClInclude Include="Source\Scenes\SubTankObject.h">
      <Filter>GameObjects\Header</Filter>
    </ClInclude>
    <ClInclude Include="Source\Scenes\SheepObject.h">
      <Filter>GameObjects\Header</Filter>
    </ClInclude>
    <ClInclude Include="Source\Scenes\ResultObject.h">
      <Filter>GameObjects\Header</Filter>
    </ClInclude>
    <ClInclude Include="Source\Scenes\PhysicsObject.h">
      <Filter>GameObjects\Header</Filter>
    </ClInclude>
    <ClInclude Include="Source\Scenes\MoleObject.h">
      <Filter>GameObjects\Header</Filter>
    </ClInclude>
    <ClInclude Include="Source\Scenes\MazeObject.h">
      <Filter>GameObjects\Header</Filter>
    </ClInclude>
    <ClInclude Include="Source\Minigames\Maze\MazeGenerator.h">
      <Filter>GameObjects\Header</Filter>
    </ClInclude>
    <ClInclude Include="Source\Scenes\GameObject.h">
      <Filter>GameObjects\Header</Filter>
    </ClInclude>
    <ClInclude Include="Source\Scenes\FrogObject.h">
      <Filter>GameObjects\Header</Filter>
    </ClInclude>
    <ClInclude Include="Source\Scenes\CharacterObject.h">
      <Filter>GameObjects\Header</Filter>
    </ClInclude>
    <ClInclude Include="Source\Scenes\StatManager.h">
      <Filter>Source\Stats</Filter>
    </ClInclude>
    <ClInclude Include="Source\Scenes\MenuObject.h">
      <Filter>GameObjects\Header</Filter>
    </ClInclude>
    <ClInclude Include="Source\SoundEngine.h">
      <Filter>SoundEngine</Filter>
    </ClInclude>
    <ClInclude Include="Source\Scenes\SceneMainMenu.h">
      <Filter>Scenes\Header</Filter>
    </ClInclude>
    <ClInclude Include="Source\Scenes\ItemObject.h">
      <Filter>GameObjects\Header</Filter>
    </ClInclude>
    <ClInclude Include="Source\Scenes\Screen.h">
      <Filter>Scenes\Header</Filter>
    </ClInclude>
    <ClInclude Include="Source\Scenes\CharacterStats.h">
      <Filter>Source\Stats</Filter>
    </ClInclude>
  </ItemGroup>
  <ItemGroup>
    <Text Include="Source\Minigames\Maze\Map\Map1.txt">
      <Filter>Maps</Filter>
    </Text>
    <Text Include="Source\Minigames\Maze\Map\Map2.txt">
      <Filter>Maps</Filter>
    </Text>
  </ItemGroup>
  <ItemGroup>
    <Filter Include="Source">
      <UniqueIdentifier>{cd3ab6a5-5106-4db0-89d9-9c384ae92a67}</UniqueIdentifier>
    </Filter>
    <Filter Include="Source\Header">
      <UniqueIdentifier>{680df4e2-9cb3-46c5-a37a-9bbfd5f1749e}</UniqueIdentifier>
    </Filter>
    <Filter Include="Rendering">
      <UniqueIdentifier>{dbe39e7b-48ba-462d-9208-a91b030a5044}</UniqueIdentifier>
    </Filter>
    <Filter Include="Rendering\Header">
      <UniqueIdentifier>{f9e78ad1-ec6e-4233-9864-d055e31685a3}</UniqueIdentifier>
    </Filter>
    <Filter Include="Rendering\Camera">
      <UniqueIdentifier>{848c8400-4457-4414-b30b-2a14c65f95e0}</UniqueIdentifier>
    </Filter>
    <Filter Include="Maps">
      <UniqueIdentifier>{08535e56-987d-4c37-95a0-05fe722e2599}</UniqueIdentifier>
    </Filter>
    <Filter Include="Shaders">
      <UniqueIdentifier>{ece4d028-b718-46e1-8272-71631a6c44da}</UniqueIdentifier>
    </Filter>
    <Filter Include="GameObjects">
      <UniqueIdentifier>{d2eac8d5-99ca-49ec-b009-a9568cc0f72a}</UniqueIdentifier>
    </Filter>
    <Filter Include="Scenes">
      <UniqueIdentifier>{e97649e8-bca3-46e1-82c1-25a7ba96514b}</UniqueIdentifier>
    </Filter>
    <Filter Include="Scenes\Header">
      <UniqueIdentifier>{b4cc92a5-ed45-4a02-9f4d-c9bf50a3edcc}</UniqueIdentifier>
    </Filter>
    <Filter Include="GameObjects\Header">
      <UniqueIdentifier>{d1cd6f44-2990-4baf-82ab-c106ff7c62f3}</UniqueIdentifier>
    </Filter>
    <Filter Include="SoundEngine">
      <UniqueIdentifier>{f58d1919-c600-4313-8f22-f4ed3683f2c3}</UniqueIdentifier>
    </Filter>
    <Filter Include="Source\Stats">
      <UniqueIdentifier>{57202da5-80c6-449d-8b71-4f43e9e935e2}</UniqueIdentifier>
    </Filter>
  </ItemGroup>
</Project>